// !$*UTF8*$!
{
	archiveVersion = 1;
	classes = {
	};
	objectVersion = 50;
	objects = {

/* Begin PBXBuildFile section */
		184EA38E22F481B9001C8AD4 /* Image3CollectionViewCell.swift in Sources */ = {isa = PBXBuildFile; fileRef = 184EA38D22F481B9001C8AD4 /* Image3CollectionViewCell.swift */; };
		184EA39022F48317001C8AD4 /* Image4CollectionViewCell.swift in Sources */ = {isa = PBXBuildFile; fileRef = 184EA38F22F48317001C8AD4 /* Image4CollectionViewCell.swift */; };
		18AFE3D422F46D2400BEB7DB /* Image2CollectionViewCell.swift in Sources */ = {isa = PBXBuildFile; fileRef = 18AFE3D322F46D2400BEB7DB /* Image2CollectionViewCell.swift */; };
		EB368D8C22F3E09B00509168 /* AppDelegate.swift in Sources */ = {isa = PBXBuildFile; fileRef = EB368D8B22F3E09B00509168 /* AppDelegate.swift */; };
		EB368D8E22F3E09B00509168 /* ViewController.swift in Sources */ = {isa = PBXBuildFile; fileRef = EB368D8D22F3E09B00509168 /* ViewController.swift */; };
		EB368D9122F3E09B00509168 /* Main.storyboard in Resources */ = {isa = PBXBuildFile; fileRef = EB368D8F22F3E09B00509168 /* Main.storyboard */; };
		EB368D9422F3E09B00509168 /* memes.xcdatamodeld in Sources */ = {isa = PBXBuildFile; fileRef = EB368D9222F3E09B00509168 /* memes.xcdatamodeld */; };
		EB368D9622F3E09E00509168 /* Assets.xcassets in Resources */ = {isa = PBXBuildFile; fileRef = EB368D9522F3E09E00509168 /* Assets.xcassets */; };
		EB368D9922F3E09E00509168 /* LaunchScreen.storyboard in Resources */ = {isa = PBXBuildFile; fileRef = EB368D9722F3E09E00509168 /* LaunchScreen.storyboard */; };
		EB368DA122F3E54800509168 /* ImageCollectionViewCell.swift in Sources */ = {isa = PBXBuildFile; fileRef = EB368DA022F3E54800509168 /* ImageCollectionViewCell.swift */; };
/* End PBXBuildFile section */

/* Begin PBXFileReference section */
		184EA38D22F481B9001C8AD4 /* Image3CollectionViewCell.swift */ = {isa = PBXFileReference; lastKnownFileType = sourcecode.swift; path = Image3CollectionViewCell.swift; sourceTree = "<group>"; };
		184EA38F22F48317001C8AD4 /* Image4CollectionViewCell.swift */ = {isa = PBXFileReference; lastKnownFileType = sourcecode.swift; path = Image4CollectionViewCell.swift; sourceTree = "<group>"; };
		18AFE3D322F46D2400BEB7DB /* Image2CollectionViewCell.swift */ = {isa = PBXFileReference; lastKnownFileType = sourcecode.swift; path = Image2CollectionViewCell.swift; sourceTree = "<group>"; };
		EB368D8822F3E09B00509168 /* memes.app */ = {isa = PBXFileReference; explicitFileType = wrapper.application; includeInIndex = 0; path = memes.app; sourceTree = BUILT_PRODUCTS_DIR; };
		EB368D8B22F3E09B00509168 /* AppDelegate.swift */ = {isa = PBXFileReference; lastKnownFileType = sourcecode.swift; path = AppDelegate.swift; sourceTree = "<group>"; };
		EB368D8D22F3E09B00509168 /* ViewController.swift */ = {isa = PBXFileReference; lastKnownFileType = sourcecode.swift; path = ViewController.swift; sourceTree = "<group>"; };
		EB368D9022F3E09B00509168 /* Base */ = {isa = PBXFileReference; lastKnownFileType = file.storyboard; name = Base; path = Base.lproj/Main.storyboard; sourceTree = "<group>"; };
		EB368D9322F3E09B00509168 /* memes.xcdatamodel */ = {isa = PBXFileReference; lastKnownFileType = wrapper.xcdatamodel; path = memes.xcdatamodel; sourceTree = "<group>"; };
		EB368D9522F3E09E00509168 /* Assets.xcassets */ = {isa = PBXFileReference; lastKnownFileType = folder.assetcatalog; path = Assets.xcassets; sourceTree = "<group>"; };
		EB368D9822F3E09E00509168 /* Base */ = {isa = PBXFileReference; lastKnownFileType = file.storyboard; name = Base; path = Base.lproj/LaunchScreen.storyboard; sourceTree = "<group>"; };
		EB368D9A22F3E09E00509168 /* Info.plist */ = {isa = PBXFileReference; lastKnownFileType = text.plist.xml; path = Info.plist; sourceTree = "<group>"; };
		EB368DA022F3E54800509168 /* ImageCollectionViewCell.swift */ = {isa = PBXFileReference; lastKnownFileType = sourcecode.swift; path = ImageCollectionViewCell.swift; sourceTree = "<group>"; };
/* End PBXFileReference section */

/* Begin PBXFrameworksBuildPhase section */
		EB368D8522F3E09B00509168 /* Frameworks */ = {
			isa = PBXFrameworksBuildPhase;
			buildActionMask = 2147483647;
			files = (
			);
			runOnlyForDeploymentPostprocessing = 0;
		};
/* End PBXFrameworksBuildPhase section */

/* Begin PBXGroup section */
		EB368D7F22F3E09B00509168 = {
			isa = PBXGroup;
			children = (
				EB368D8A22F3E09B00509168 /* memes */,
				EB368D8922F3E09B00509168 /* Products */,
			);
			sourceTree = "<group>";
		};
		EB368D8922F3E09B00509168 /* Products */ = {
			isa = PBXGroup;
			children = (
				EB368D8822F3E09B00509168 /* memes.app */,
			);
			name = Products;
			sourceTree = "<group>";
		};
		EB368D8A22F3E09B00509168 /* memes */ = {
			isa = PBXGroup;
			children = (
				EB368D8B22F3E09B00509168 /* AppDelegate.swift */,
				EB368D8D22F3E09B00509168 /* ViewController.swift */,
				EB368D8F22F3E09B00509168 /* Main.storyboard */,
				184EA38F22F48317001C8AD4 /* Image4CollectionViewCell.swift */,
				18AFE3D322F46D2400BEB7DB /* Image2CollectionViewCell.swift */,
				184EA38D22F481B9001C8AD4 /* Image3CollectionViewCell.swift */,
				EB368DA022F3E54800509168 /* ImageCollectionViewCell.swift */,
				EB368D9522F3E09E00509168 /* Assets.xcassets */,
				EB368D9722F3E09E00509168 /* LaunchScreen.storyboard */,
				EB368D9A22F3E09E00509168 /* Info.plist */,
				EB368D9222F3E09B00509168 /* memes.xcdatamodeld */,
			);
			path = memes;
			sourceTree = "<group>";
		};
/* End PBXGroup section */

/* Begin PBXNativeTarget section */
		EB368D8722F3E09B00509168 /* memes */ = {
			isa = PBXNativeTarget;
			buildConfigurationList = EB368D9D22F3E09E00509168 /* Build configuration list for PBXNativeTarget "memes" */;
			buildPhases = (
				EB368D8422F3E09B00509168 /* Sources */,
				EB368D8522F3E09B00509168 /* Frameworks */,
				EB368D8622F3E09B00509168 /* Resources */,
			);
			buildRules = (
			);
			dependencies = (
			);
			name = memes;
			productName = memes;
			productReference = EB368D8822F3E09B00509168 /* memes.app */;
			productType = "com.apple.product-type.application";
		};
/* End PBXNativeTarget section */

/* Begin PBXProject section */
		EB368D8022F3E09B00509168 /* Project object */ = {
			isa = PBXProject;
			attributes = {
				LastSwiftUpdateCheck = 1030;
				LastUpgradeCheck = 1030;
				ORGANIZATIONNAME = KC;
				TargetAttributes = {
					EB368D8722F3E09B00509168 = {
						CreatedOnToolsVersion = 10.3;
					};
				};
			};
			buildConfigurationList = EB368D8322F3E09B00509168 /* Build configuration list for PBXProject "memes" */;
			compatibilityVersion = "Xcode 9.3";
			developmentRegion = en;
			hasScannedForEncodings = 0;
			knownRegions = (
				en,
				Base,
			);
			mainGroup = EB368D7F22F3E09B00509168;
			productRefGroup = EB368D8922F3E09B00509168 /* Products */;
			projectDirPath = "";
			projectRoot = "";
			targets = (
				EB368D8722F3E09B00509168 /* memes */,
			);
		};
/* End PBXProject section */

/* Begin PBXResourcesBuildPhase section */
		EB368D8622F3E09B00509168 /* Resources */ = {
			isa = PBXResourcesBuildPhase;
			buildActionMask = 2147483647;
			files = (
				EB368D9922F3E09E00509168 /* LaunchScreen.storyboard in Resources */,
				EB368D9622F3E09E00509168 /* Assets.xcassets in Resources */,
				EB368D9122F3E09B00509168 /* Main.storyboard in Resources */,
			);
			runOnlyForDeploymentPostprocessing = 0;
		};
/* End PBXResourcesBuildPhase section */

/* Begin PBXSourcesBuildPhase section */
		EB368D8422F3E09B00509168 /* Sources */ = {
			isa = PBXSourcesBuildPhase;
			buildActionMask = 2147483647;
			files = (
				EB368D8E22F3E09B00509168 /* ViewController.swift in Sources */,
				184EA39022F48317001C8AD4 /* Image4CollectionViewCell.swift in Sources */,
				18AFE3D422F46D2400BEB7DB /* Image2CollectionViewCell.swift in Sources */,
				EB368D9422F3E09B00509168 /* memes.xcdatamodeld in Sources */,
				EB368DA122F3E54800509168 /* ImageCollectionViewCell.swift in Sources */,
				184EA38E22F481B9001C8AD4 /* Image3CollectionViewCell.swift in Sources */,
				EB368D8C22F3E09B00509168 /* AppDelegate.swift in Sources */,
			);
			runOnlyForDeploymentPostprocessing = 0;
		};
/* End PBXSourcesBuildPhase section */

/* Begin PBXVariantGroup section */
		EB368D8F22F3E09B00509168 /* Main.storyboard */ = {
			isa = PBXVariantGroup;
			children = (
				EB368D9022F3E09B00509168 /* Base */,
			);
			name = Main.storyboard;
			sourceTree = "<group>";
		};
		EB368D9722F3E09E00509168 /* LaunchScreen.storyboard */ = {
			isa = PBXVariantGroup;
			children = (
				EB368D9822F3E09E00509168 /* Base */,
			);
			name = LaunchScreen.storyboard;
			sourceTree = "<group>";
		};
/* End PBXVariantGroup section */

/* Begin XCBuildConfiguration section */
		EB368D9B22F3E09E00509168 /* Debug */ = {
			isa = XCBuildConfiguration;
			buildSettings = {
				ALWAYS_SEARCH_USER_PATHS = NO;
				CLANG_ANALYZER_NONNULL = YES;
				CLANG_ANALYZER_NUMBER_OBJECT_CONVERSION = YES_AGGRESSIVE;
				CLANG_CXX_LANGUAGE_STANDARD = "gnu++14";
				CLANG_CXX_LIBRARY = "libc++";
				CLANG_ENABLE_MODULES = YES;
				CLANG_ENABLE_OBJC_ARC = YES;
				CLANG_ENABLE_OBJC_WEAK = YES;
				CLANG_WARN_BLOCK_CAPTURE_AUTORELEASING = YES;
				CLANG_WARN_BOOL_CONVERSION = YES;
				CLANG_WARN_COMMA = YES;
				CLANG_WARN_CONSTANT_CONVERSION = YES;
				CLANG_WARN_DEPRECATED_OBJC_IMPLEMENTATIONS = YES;
				CLANG_WARN_DIRECT_OBJC_ISA_USAGE = YES_ERROR;
				CLANG_WARN_DOCUMENTATION_COMMENTS = YES;
				CLANG_WARN_EMPTY_BODY = YES;
				CLANG_WARN_ENUM_CONVERSION = YES;
				CLANG_WARN_INFINITE_RECURSION = YES;
				CLANG_WARN_INT_CONVERSION = YES;
				CLANG_WARN_NON_LITERAL_NULL_CONVERSION = YES;
				CLANG_WARN_OBJC_IMPLICIT_RETAIN_SELF = YES;
				CLANG_WARN_OBJC_LITERAL_CONVERSION = YES;
				CLANG_WARN_OBJC_ROOT_CLASS = YES_ERROR;
				CLANG_WARN_RANGE_LOOP_ANALYSIS = YES;
				CLANG_WARN_STRICT_PROTOTYPES = YES;
				CLANG_WARN_SUSPICIOUS_MOVE = YES;
				CLANG_WARN_UNGUARDED_AVAILABILITY = YES_AGGRESSIVE;
				CLANG_WARN_UNREACHABLE_CODE = YES;
				CLANG_WARN__DUPLICATE_METHOD_MATCH = YES;
				CODE_SIGN_IDENTITY = "iPhone Developer";
				COPY_PHASE_STRIP = NO;
				DEBUG_INFORMATION_FORMAT = dwarf;
				ENABLE_STRICT_OBJC_MSGSEND = YES;
				ENABLE_TESTABILITY = YES;
				GCC_C_LANGUAGE_STANDARD = gnu11;
				GCC_DYNAMIC_NO_PIC = NO;
				GCC_NO_COMMON_BLOCKS = YES;
				GCC_OPTIMIZATION_LEVEL = 0;
				GCC_PREPROCESSOR_DEFINITIONS = (
					"DEBUG=1",
					"$(inherited)",
				);
				GCC_WARN_64_TO_32_BIT_CONVERSION = YES;
				GCC_WARN_ABOUT_RETURN_TYPE = YES_ERROR;
				GCC_WARN_UNDECLARED_SELECTOR = YES;
				GCC_WARN_UNINITIALIZED_AUTOS = YES_AGGRESSIVE;
				GCC_WARN_UNUSED_FUNCTION = YES;
				GCC_WARN_UNUSED_VARIABLE = YES;
				IPHONEOS_DEPLOYMENT_TARGET = 12.4;
				MTL_ENABLE_DEBUG_INFO = INCLUDE_SOURCE;
				MTL_FAST_MATH = YES;
				ONLY_ACTIVE_ARCH = YES;
				SDKROOT = iphoneos;
				SWIFT_ACTIVE_COMPILATION_CONDITIONS = DEBUG;
				SWIFT_OPTIMIZATION_LEVEL = "-Onone";
			};
			name = Debug;
		};
		EB368D9C22F3E09E00509168 /* Release */ = {
			isa = XCBuildConfiguration;
			buildSettings = {
				ALWAYS_SEARCH_USER_PATHS = NO;
				CLANG_ANALYZER_NONNULL = YES;
				CLANG_ANALYZER_NUMBER_OBJECT_CONVERSION = YES_AGGRESSIVE;
				CLANG_CXX_LANGUAGE_STANDARD = "gnu++14";
				CLANG_CXX_LIBRARY = "libc++";
				CLANG_ENABLE_MODULES = YES;
				CLANG_ENABLE_OBJC_ARC = YES;
				CLANG_ENABLE_OBJC_WEAK = YES;
				CLANG_WARN_BLOCK_CAPTURE_AUTORELEASING = YES;
				CLANG_WARN_BOOL_CONVERSION = YES;
				CLANG_WARN_COMMA = YES;
				CLANG_WARN_CONSTANT_CONVERSION = YES;
				CLANG_WARN_DEPRECATED_OBJC_IMPLEMENTATIONS = YES;
				CLANG_WARN_DIRECT_OBJC_ISA_USAGE = YES_ERROR;
				CLANG_WARN_DOCUMENTATION_COMMENTS = YES;
				CLANG_WARN_EMPTY_BODY = YES;
				CLANG_WARN_ENUM_CONVERSION = YES;
				CLANG_WARN_INFINITE_RECURSION = YES;
				CLANG_WARN_INT_CONVERSION = YES;
				CLANG_WARN_NON_LITERAL_NULL_CONVERSION = YES;
				CLANG_WARN_OBJC_IMPLICIT_RETAIN_SELF = YES;
				CLANG_WARN_OBJC_LITERAL_CONVERSION = YES;
				CLANG_WARN_OBJC_ROOT_CLASS = YES_ERROR;
				CLANG_WARN_RANGE_LOOP_ANALYSIS = YES;
				CLANG_WARN_STRICT_PROTOTYPES = YES;
				CLANG_WARN_SUSPICIOUS_MOVE = YES;
				CLANG_WARN_UNGUARDED_AVAILABILITY = YES_AGGRESSIVE;
				CLANG_WARN_UNREACHABLE_CODE = YES;
				CLANG_WARN__DUPLICATE_METHOD_MATCH = YES;
				CODE_SIGN_IDENTITY = "iPhone Developer";
				COPY_PHASE_STRIP = NO;
				DEBUG_INFORMATION_FORMAT = "dwarf-with-dsym";
				ENABLE_NS_ASSERTIONS = NO;
				ENABLE_STRICT_OBJC_MSGSEND = YES;
				GCC_C_LANGUAGE_STANDARD = gnu11;
				GCC_NO_COMMON_BLOCKS = YES;
				GCC_WARN_64_TO_32_BIT_CONVERSION = YES;
				GCC_WARN_ABOUT_RETURN_TYPE = YES_ERROR;
				GCC_WARN_UNDECLARED_SELECTOR = YES;
				GCC_WARN_UNINITIALIZED_AUTOS = YES_AGGRESSIVE;
				GCC_WARN_UNUSED_FUNCTION = YES;
				GCC_WARN_UNUSED_VARIABLE = YES;
				IPHONEOS_DEPLOYMENT_TARGET = 12.4;
				MTL_ENABLE_DEBUG_INFO = NO;
				MTL_FAST_MATH = YES;
				SDKROOT = iphoneos;
				SWIFT_COMPILATION_MODE = wholemodule;
				SWIFT_OPTIMIZATION_LEVEL = "-O";
				VALIDATE_PRODUCT = YES;
			};
			name = Release;
		};
		EB368D9E22F3E09E00509168 /* Debug */ = {
			isa = XCBuildConfiguration;
			buildSettings = {
				ASSETCATALOG_COMPILER_APPICON_NAME = AppIcon;
				CODE_SIGN_STYLE = Automatic;
				DEVELOPMENT_TEAM = 7VG386N7ZY;
				INFOPLIST_FILE = memes/Info.plist;
				LD_RUNPATH_SEARCH_PATHS = (
					"$(inherited)",
					"@executable_path/Frameworks",
				);
				PRODUCT_BUNDLE_IDENTIFIER = bhavanaMemes;
				PRODUCT_NAME = "$(TARGET_NAME)";
				SWIFT_VERSION = 5.0;
				TARGETED_DEVICE_FAMILY = "1,2";
			};
			name = Debug;
		};
		EB368D9F22F3E09E00509168 /* Release */ = {
			isa = XCBuildConfiguration;
			buildSettings = {
				ASSETCATALOG_COMPILER_APPICON_NAME = AppIcon;
				CODE_SIGN_STYLE = Automatic;
				DEVELOPMENT_TEAM = 7VG386N7ZY;
				INFOPLIST_FILE = memes/Info.plist;
				LD_RUNPATH_SEARCH_PATHS = (
					"$(inherited)",
					"@executable_path/Frameworks",
				);
				PRODUCT_BUNDLE_IDENTIFIER = bhavanaMemes;
				PRODUCT_NAME = "$(TARGET_NAME)";
				SWIFT_VERSION = 5.0;
				TARGETED_DEVICE_FAMILY = "1,2";
			};
			name = Release;
		};
/* End XCBuildConfiguration section */

/* Begin XCConfigurationList section */
		EB368D8322F3E09B00509168 /* Build configuration list for PBXProject "memes" */ = {
			isa = XCConfigurationList;
			buildConfigurations = (
				EB368D9B22F3E09E00509168 /* Debug */,
				EB368D9C22F3E09E00509168 /* Release */,
			);
			defaultConfigurationIsVisible = 0;
			defaultConfigurationName = Release;
		};
		EB368D9D22F3E09E00509168 /* Build configuration list for PBXNativeTarget "memes" */ = {
			isa = XCConfigurationList;
			buildConfigurations = (
				EB368D9E22F3E09E00509168 /* Debug */,
				EB368D9F22F3E09E00509168 /* Release */,
			);
			defaultConfigurationIsVisible = 0;
			defaultConfigurationName = Release;
		};
/* End XCConfigurationList section */

/* Begin XCVersionGroup section */
		EB368D9222F3E09B00509168 /* memes.xcdatamodeld */ = {
			isa = XCVersionGroup;
			children = (
				EB368D9322F3E09B00509168 /* memes.xcdatamodel */,
			);
			currentVersion = EB368D9322F3E09B00509168 /* memes.xcdatamodel */;
			path = memes.xcdatamodeld;
			sourceTree = "<group>";
			versionGroupType = wrapper.xcdatamodel;
		};
/* End XCVersionGroup section */
	};
	rootObject = EB368D8022F3E09B00509168 /* Project object */;
}
